// !$*UTF8*$!
{
	archiveVersion = 1;
	classes = {
	};
	objectVersion = 56;
	objects = {

/* Begin PBXBuildFile section */
		EC9DD6F82928DAD5002F0BC4 /* SnackOverFlowApp.swift in Sources */ = {isa = PBXBuildFile; fileRef = EC9DD6F72928DAD5002F0BC4 /* SnackOverFlowApp.swift */; };
		EC9DD6FA2928DAD5002F0BC4 /* ContentView.swift in Sources */ = {isa = PBXBuildFile; fileRef = EC9DD6F92928DAD5002F0BC4 /* ContentView.swift */; };
		EC9DD6FC2928DAD6002F0BC4 /* Assets.xcassets in Resources */ = {isa = PBXBuildFile; fileRef = EC9DD6FB2928DAD6002F0BC4 /* Assets.xcassets */; };
		EC9DD6FF2928DAD6002F0BC4 /* Preview Assets.xcassets in Resources */ = {isa = PBXBuildFile; fileRef = EC9DD6FE2928DAD6002F0BC4 /* Preview Assets.xcassets */; };
		EC9DD7092928DAD6002F0BC4 /* SnackOverFlowTests.swift in Sources */ = {isa = PBXBuildFile; fileRef = EC9DD7082928DAD6002F0BC4 /* SnackOverFlowTests.swift */; };
		EC9DD7132928DAD6002F0BC4 /* SnackOverFlowUITests.swift in Sources */ = {isa = PBXBuildFile; fileRef = EC9DD7122928DAD6002F0BC4 /* SnackOverFlowUITests.swift */; };
		EC9DD7152928DAD6002F0BC4 /* SnackOverFlowUITestsLaunchTests.swift in Sources */ = {isa = PBXBuildFile; fileRef = EC9DD7142928DAD6002F0BC4 /* SnackOverFlowUITestsLaunchTests.swift */; };
		EC9DD7292928DBE0002F0BC4 /* WelcomeView.swift in Sources */ = {isa = PBXBuildFile; fileRef = EC9DD7282928DBE0002F0BC4 /* WelcomeView.swift */; };
		EC9DD72E2928DDC7002F0BC4 /* Colors.xcassets in Resources */ = {isa = PBXBuildFile; fileRef = EC9DD72D2928DDC7002F0BC4 /* Colors.xcassets */; };
		EC9DD7302928F660002F0BC4 /* Images.xcassets in Resources */ = {isa = PBXBuildFile; fileRef = EC9DD72F2928F660002F0BC4 /* Images.xcassets */; };
		EC9DD7342928F88A002F0BC4 /* Images.swift in Sources */ = {isa = PBXBuildFile; fileRef = EC9DD7332928F88A002F0BC4 /* Images.swift */; };
		EC9DD7372928FAE5002F0BC4 /* Colors.swift in Sources */ = {isa = PBXBuildFile; fileRef = EC9DD7362928FAE5002F0BC4 /* Colors.swift */; };
		EC9DD7392928FB53002F0BC4 /* Icons.swift in Sources */ = {isa = PBXBuildFile; fileRef = EC9DD7382928FB53002F0BC4 /* Icons.swift */; };
		EC9DD73D2928FF9C002F0BC4 /* FacebookButton.swift in Sources */ = {isa = PBXBuildFile; fileRef = EC9DD73C2928FF9C002F0BC4 /* FacebookButton.swift */; };
		EC9DD73F292900A1002F0BC4 /* EdgeInsets.swift in Sources */ = {isa = PBXBuildFile; fileRef = EC9DD73E292900A1002F0BC4 /* EdgeInsets.swift */; };
/* End PBXBuildFile section */

/* Begin PBXContainerItemProxy section */
		EC9DD7052928DAD6002F0BC4 /* PBXContainerItemProxy */ = {
			isa = PBXContainerItemProxy;
			containerPortal = EC9DD6EC2928DAD5002F0BC4 /* Project object */;
			proxyType = 1;
			remoteGlobalIDString = EC9DD6F32928DAD5002F0BC4;
			remoteInfo = SnackOverFlow;
		};
		EC9DD70F2928DAD6002F0BC4 /* PBXContainerItemProxy */ = {
			isa = PBXContainerItemProxy;
			containerPortal = EC9DD6EC2928DAD5002F0BC4 /* Project object */;
			proxyType = 1;
			remoteGlobalIDString = EC9DD6F32928DAD5002F0BC4;
			remoteInfo = SnackOverFlow;
		};
/* End PBXContainerItemProxy section */

/* Begin PBXFileReference section */
		EC9DD6F42928DAD5002F0BC4 /* SnackOverFlow.app */ = {isa = PBXFileReference; explicitFileType = wrapper.application; includeInIndex = 0; path = SnackOverFlow.app; sourceTree = BUILT_PRODUCTS_DIR; };
		EC9DD6F72928DAD5002F0BC4 /* SnackOverFlowApp.swift */ = {isa = PBXFileReference; lastKnownFileType = sourcecode.swift; path = SnackOverFlowApp.swift; sourceTree = "<group>"; };
		EC9DD6F92928DAD5002F0BC4 /* ContentView.swift */ = {isa = PBXFileReference; lastKnownFileType = sourcecode.swift; path = ContentView.swift; sourceTree = "<group>"; };
		EC9DD6FB2928DAD6002F0BC4 /* Assets.xcassets */ = {isa = PBXFileReference; lastKnownFileType = folder.assetcatalog; path = Assets.xcassets; sourceTree = "<group>"; };
		EC9DD6FE2928DAD6002F0BC4 /* Preview Assets.xcassets */ = {isa = PBXFileReference; lastKnownFileType = folder.assetcatalog; path = "Preview Assets.xcassets"; sourceTree = "<group>"; };
		EC9DD7042928DAD6002F0BC4 /* SnackOverFlowTests.xctest */ = {isa = PBXFileReference; explicitFileType = wrapper.cfbundle; includeInIndex = 0; path = SnackOverFlowTests.xctest; sourceTree = BUILT_PRODUCTS_DIR; };
		EC9DD7082928DAD6002F0BC4 /* SnackOverFlowTests.swift */ = {isa = PBXFileReference; lastKnownFileType = sourcecode.swift; path = SnackOverFlowTests.swift; sourceTree = "<group>"; };
		EC9DD70E2928DAD6002F0BC4 /* SnackOverFlowUITests.xctest */ = {isa = PBXFileReference; explicitFileType = wrapper.cfbundle; includeInIndex = 0; path = SnackOverFlowUITests.xctest; sourceTree = BUILT_PRODUCTS_DIR; };
		EC9DD7122928DAD6002F0BC4 /* SnackOverFlowUITests.swift */ = {isa = PBXFileReference; lastKnownFileType = sourcecode.swift; path = SnackOverFlowUITests.swift; sourceTree = "<group>"; };
		EC9DD7142928DAD6002F0BC4 /* SnackOverFlowUITestsLaunchTests.swift */ = {isa = PBXFileReference; lastKnownFileType = sourcecode.swift; path = SnackOverFlowUITestsLaunchTests.swift; sourceTree = "<group>"; };
		EC9DD7282928DBE0002F0BC4 /* WelcomeView.swift */ = {isa = PBXFileReference; lastKnownFileType = sourcecode.swift; path = WelcomeView.swift; sourceTree = "<group>"; };
		EC9DD72D2928DDC7002F0BC4 /* Colors.xcassets */ = {isa = PBXFileReference; lastKnownFileType = folder.assetcatalog; path = Colors.xcassets; sourceTree = "<group>"; };
		EC9DD72F2928F660002F0BC4 /* Images.xcassets */ = {isa = PBXFileReference; lastKnownFileType = folder.assetcatalog; path = Images.xcassets; sourceTree = "<group>"; };
		EC9DD7332928F88A002F0BC4 /* Images.swift */ = {isa = PBXFileReference; lastKnownFileType = sourcecode.swift; path = Images.swift; sourceTree = "<group>"; };
		EC9DD7362928FAE5002F0BC4 /* Colors.swift */ = {isa = PBXFileReference; lastKnownFileType = sourcecode.swift; path = Colors.swift; sourceTree = "<group>"; };
		EC9DD7382928FB53002F0BC4 /* Icons.swift */ = {isa = PBXFileReference; lastKnownFileType = sourcecode.swift; path = Icons.swift; sourceTree = "<group>"; };
		EC9DD73C2928FF9C002F0BC4 /* FacebookButton.swift */ = {isa = PBXFileReference; lastKnownFileType = sourcecode.swift; path = FacebookButton.swift; sourceTree = "<group>"; };
		EC9DD73E292900A1002F0BC4 /* EdgeInsets.swift */ = {isa = PBXFileReference; lastKnownFileType = sourcecode.swift; path = EdgeInsets.swift; sourceTree = "<group>"; };
/* End PBXFileReference section */

/* Begin PBXFrameworksBuildPhase section */
		EC9DD6F12928DAD5002F0BC4 /* Frameworks */ = {
			isa = PBXFrameworksBuildPhase;
			buildActionMask = 2147483647;
			files = (
			);
			runOnlyForDeploymentPostprocessing = 0;
		};
		EC9DD7012928DAD6002F0BC4 /* Frameworks */ = {
			isa = PBXFrameworksBuildPhase;
			buildActionMask = 2147483647;
			files = (
			);
			runOnlyForDeploymentPostprocessing = 0;
		};
		EC9DD70B2928DAD6002F0BC4 /* Frameworks */ = {
			isa = PBXFrameworksBuildPhase;
			buildActionMask = 2147483647;
			files = (
			);
			runOnlyForDeploymentPostprocessing = 0;
		};
/* End PBXFrameworksBuildPhase section */

/* Begin PBXGroup section */
		EC9DD6EB2928DAD5002F0BC4 = {
			isa = PBXGroup;
			children = (
				EC9DD6F62928DAD5002F0BC4 /* SnackOverFlow */,
				EC9DD7072928DAD6002F0BC4 /* SnackOverFlowTests */,
				EC9DD7112928DAD6002F0BC4 /* SnackOverFlowUITests */,
				EC9DD6F52928DAD5002F0BC4 /* Products */,
			);
			sourceTree = "<group>";
		};
		EC9DD6F52928DAD5002F0BC4 /* Products */ = {
			isa = PBXGroup;
			children = (
				EC9DD6F42928DAD5002F0BC4 /* SnackOverFlow.app */,
				EC9DD7042928DAD6002F0BC4 /* SnackOverFlowTests.xctest */,
				EC9DD70E2928DAD6002F0BC4 /* SnackOverFlowUITests.xctest */,
			);
			name = Products;
			sourceTree = "<group>";
		};
		EC9DD6F62928DAD5002F0BC4 /* SnackOverFlow */ = {
			isa = PBXGroup;
			children = (
				EC9DD7252928DB8D002F0BC4 /* Product */,
				EC9DD7242928DB77002F0BC4 /* Feature */,
				EC9DD7232928DB72002F0BC4 /* Resources */,
				EC9DD7212928DB52002F0BC4 /* Utils */,
				EC9DD6F72928DAD5002F0BC4 /* SnackOverFlowApp.swift */,
				EC9DD6F92928DAD5002F0BC4 /* ContentView.swift */,
				EC9DD6FD2928DAD6002F0BC4 /* Preview Content */,
			);
			path = SnackOverFlow;
			sourceTree = "<group>";
		};
		EC9DD6FD2928DAD6002F0BC4 /* Preview Content */ = {
			isa = PBXGroup;
			children = (
				EC9DD6FE2928DAD6002F0BC4 /* Preview Assets.xcassets */,
			);
			path = "Preview Content";
			sourceTree = "<group>";
		};
		EC9DD7072928DAD6002F0BC4 /* SnackOverFlowTests */ = {
			isa = PBXGroup;
			children = (
				EC9DD7082928DAD6002F0BC4 /* SnackOverFlowTests.swift */,
			);
			path = SnackOverFlowTests;
			sourceTree = "<group>";
		};
		EC9DD7112928DAD6002F0BC4 /* SnackOverFlowUITests */ = {
			isa = PBXGroup;
			children = (
				EC9DD7122928DAD6002F0BC4 /* SnackOverFlowUITests.swift */,
				EC9DD7142928DAD6002F0BC4 /* SnackOverFlowUITestsLaunchTests.swift */,
			);
			path = SnackOverFlowUITests;
			sourceTree = "<group>";
		};
		EC9DD7212928DB52002F0BC4 /* Utils */ = {
			isa = PBXGroup;
			children = (
				EC9DD7352928FAD5002F0BC4 /* Extensions */,
				EC9DD7322928F874002F0BC4 /* Enums */,
			);
			path = Utils;
			sourceTree = "<group>";
		};
		EC9DD7232928DB72002F0BC4 /* Resources */ = {
			isa = PBXGroup;
			children = (
				EC9DD7312928F667002F0BC4 /* Assets */,
			);
			path = Resources;
			sourceTree = "<group>";
		};
		EC9DD7242928DB77002F0BC4 /* Feature */ = {
			isa = PBXGroup;
			children = (
				EC9DD7262928DB97002F0BC4 /* Authentication */,
			);
			path = Feature;
			sourceTree = "<group>";
		};
		EC9DD7252928DB8D002F0BC4 /* Product */ = {
			isa = PBXGroup;
			children = (
				EC9DD73A2928FF8C002F0BC4 /* Widgets */,
			);
			path = Product;
			sourceTree = "<group>";
		};
		EC9DD7262928DB97002F0BC4 /* Authentication */ = {
			isa = PBXGroup;
			children = (
				EC9DD7272928DBB8002F0BC4 /* Welcome */,
			);
			path = Authentication;
			sourceTree = "<group>";
		};
		EC9DD7272928DBB8002F0BC4 /* Welcome */ = {
			isa = PBXGroup;
			children = (
				EC9DD7282928DBE0002F0BC4 /* WelcomeView.swift */,
			);
			name = Welcome;
			sourceTree = "<group>";
		};
		EC9DD7312928F667002F0BC4 /* Assets */ = {
			isa = PBXGroup;
			children = (
				EC9DD6FB2928DAD6002F0BC4 /* Assets.xcassets */,
				EC9DD72D2928DDC7002F0BC4 /* Colors.xcassets */,
				EC9DD72F2928F660002F0BC4 /* Images.xcassets */,
			);
			path = Assets;
			sourceTree = "<group>";
		};
		EC9DD7322928F874002F0BC4 /* Enums */ = {
			isa = PBXGroup;
			children = (
				EC9DD7332928F88A002F0BC4 /* Images.swift */,
				EC9DD7382928FB53002F0BC4 /* Icons.swift */,
			);
			path = Enums;
			sourceTree = "<group>";
		};
		EC9DD7352928FAD5002F0BC4 /* Extensions */ = {
			isa = PBXGroup;
			children = (
				EC9DD7362928FAE5002F0BC4 /* Colors.swift */,
				EC9DD73E292900A1002F0BC4 /* EdgeInsets.swift */,
			);
			path = Extensions;
			sourceTree = "<group>";
		};
		EC9DD73A2928FF8C002F0BC4 /* Widgets */ = {
			isa = PBXGroup;
			children = (
				EC9DD73B2928FF91002F0BC4 /* Buttons */,
			);
			path = Widgets;
			sourceTree = "<group>";
		};
		EC9DD73B2928FF91002F0BC4 /* Buttons */ = {
			isa = PBXGroup;
			children = (
				EC9DD73C2928FF9C002F0BC4 /* FacebookButton.swift */,
			);
			path = Buttons;
			sourceTree = "<group>";
		};
/* End PBXGroup section */

/* Begin PBXNativeTarget section */
		EC9DD6F32928DAD5002F0BC4 /* SnackOverFlow */ = {
			isa = PBXNativeTarget;
			buildConfigurationList = EC9DD7182928DAD6002F0BC4 /* Build configuration list for PBXNativeTarget "SnackOverFlow" */;
			buildPhases = (
				EC9DD6F02928DAD5002F0BC4 /* Sources */,
				EC9DD6F12928DAD5002F0BC4 /* Frameworks */,
				EC9DD6F22928DAD5002F0BC4 /* Resources */,
			);
			buildRules = (
			);
			dependencies = (
			);
			name = SnackOverFlow;
			productName = SnackOverFlow;
			productReference = EC9DD6F42928DAD5002F0BC4 /* SnackOverFlow.app */;
			productType = "com.apple.product-type.application";
		};
		EC9DD7032928DAD6002F0BC4 /* SnackOverFlowTests */ = {
			isa = PBXNativeTarget;
			buildConfigurationList = EC9DD71B2928DAD6002F0BC4 /* Build configuration list for PBXNativeTarget "SnackOverFlowTests" */;
			buildPhases = (
				EC9DD7002928DAD6002F0BC4 /* Sources */,
				EC9DD7012928DAD6002F0BC4 /* Frameworks */,
				EC9DD7022928DAD6002F0BC4 /* Resources */,
			);
			buildRules = (
			);
			dependencies = (
				EC9DD7062928DAD6002F0BC4 /* PBXTargetDependency */,
			);
			name = SnackOverFlowTests;
			productName = SnackOverFlowTests;
			productReference = EC9DD7042928DAD6002F0BC4 /* SnackOverFlowTests.xctest */;
			productType = "com.apple.product-type.bundle.unit-test";
		};
		EC9DD70D2928DAD6002F0BC4 /* SnackOverFlowUITests */ = {
			isa = PBXNativeTarget;
			buildConfigurationList = EC9DD71E2928DAD6002F0BC4 /* Build configuration list for PBXNativeTarget "SnackOverFlowUITests" */;
			buildPhases = (
				EC9DD70A2928DAD6002F0BC4 /* Sources */,
				EC9DD70B2928DAD6002F0BC4 /* Frameworks */,
				EC9DD70C2928DAD6002F0BC4 /* Resources */,
			);
			buildRules = (
			);
			dependencies = (
				EC9DD7102928DAD6002F0BC4 /* PBXTargetDependency */,
			);
			name = SnackOverFlowUITests;
			productName = SnackOverFlowUITests;
			productReference = EC9DD70E2928DAD6002F0BC4 /* SnackOverFlowUITests.xctest */;
			productType = "com.apple.product-type.bundle.ui-testing";
		};
/* End PBXNativeTarget section */

/* Begin PBXProject section */
		EC9DD6EC2928DAD5002F0BC4 /* Project object */ = {
			isa = PBXProject;
			attributes = {
				BuildIndependentTargetsInParallel = 1;
				LastSwiftUpdateCheck = 1410;
				LastUpgradeCheck = 1410;
				TargetAttributes = {
					EC9DD6F32928DAD5002F0BC4 = {
						CreatedOnToolsVersion = 14.1;
					};
					EC9DD7032928DAD6002F0BC4 = {
						CreatedOnToolsVersion = 14.1;
						TestTargetID = EC9DD6F32928DAD5002F0BC4;
					};
					EC9DD70D2928DAD6002F0BC4 = {
						CreatedOnToolsVersion = 14.1;
						TestTargetID = EC9DD6F32928DAD5002F0BC4;
					};
				};
			};
			buildConfigurationList = EC9DD6EF2928DAD5002F0BC4 /* Build configuration list for PBXProject "SnackOverFlow" */;
			compatibilityVersion = "Xcode 14.0";
			developmentRegion = en;
			hasScannedForEncodings = 0;
			knownRegions = (
				en,
				Base,
			);
			mainGroup = EC9DD6EB2928DAD5002F0BC4;
			productRefGroup = EC9DD6F52928DAD5002F0BC4 /* Products */;
			projectDirPath = "";
			projectRoot = "";
			targets = (
				EC9DD6F32928DAD5002F0BC4 /* SnackOverFlow */,
				EC9DD7032928DAD6002F0BC4 /* SnackOverFlowTests */,
				EC9DD70D2928DAD6002F0BC4 /* SnackOverFlowUITests */,
			);
		};
/* End PBXProject section */

/* Begin PBXResourcesBuildPhase section */
		EC9DD6F22928DAD5002F0BC4 /* Resources */ = {
			isa = PBXResourcesBuildPhase;
			buildActionMask = 2147483647;
			files = (
				EC9DD72E2928DDC7002F0BC4 /* Colors.xcassets in Resources */,
				EC9DD7302928F660002F0BC4 /* Images.xcassets in Resources */,
				EC9DD6FF2928DAD6002F0BC4 /* Preview Assets.xcassets in Resources */,
				EC9DD6FC2928DAD6002F0BC4 /* Assets.xcassets in Resources */,
			);
			runOnlyForDeploymentPostprocessing = 0;
		};
		EC9DD7022928DAD6002F0BC4 /* Resources */ = {
			isa = PBXResourcesBuildPhase;
			buildActionMask = 2147483647;
			files = (
			);
			runOnlyForDeploymentPostprocessing = 0;
		};
		EC9DD70C2928DAD6002F0BC4 /* Resources */ = {
			isa = PBXResourcesBuildPhase;
			buildActionMask = 2147483647;
			files = (
			);
			runOnlyForDeploymentPostprocessing = 0;
		};
/* End PBXResourcesBuildPhase section */

/* Begin PBXSourcesBuildPhase section */
		EC9DD6F02928DAD5002F0BC4 /* Sources */ = {
			isa = PBXSourcesBuildPhase;
			buildActionMask = 2147483647;
			files = (
				EC9DD6FA2928DAD5002F0BC4 /* ContentView.swift in Sources */,
				EC9DD7372928FAE5002F0BC4 /* Colors.swift in Sources */,
				EC9DD7392928FB53002F0BC4 /* Icons.swift in Sources */,
				EC9DD73D2928FF9C002F0BC4 /* FacebookButton.swift in Sources */,
				EC9DD7292928DBE0002F0BC4 /* WelcomeView.swift in Sources */,
				EC9DD6F82928DAD5002F0BC4 /* SnackOverFlowApp.swift in Sources */,
				EC9DD73F292900A1002F0BC4 /* EdgeInsets.swift in Sources */,
				EC9DD7342928F88A002F0BC4 /* Images.swift in Sources */,
			);
			runOnlyForDeploymentPostprocessing = 0;
		};
		EC9DD7002928DAD6002F0BC4 /* Sources */ = {
			isa = PBXSourcesBuildPhase;
			buildActionMask = 2147483647;
			files = (
				EC9DD7092928DAD6002F0BC4 /* SnackOverFlowTests.swift in Sources */,
			);
			runOnlyForDeploymentPostprocessing = 0;
		};
		EC9DD70A2928DAD6002F0BC4 /* Sources */ = {
			isa = PBXSourcesBuildPhase;
			buildActionMask = 2147483647;
			files = (
				EC9DD7132928DAD6002F0BC4 /* SnackOverFlowUITests.swift in Sources */,
				EC9DD7152928DAD6002F0BC4 /* SnackOverFlowUITestsLaunchTests.swift in Sources */,
			);
			runOnlyForDeploymentPostprocessing = 0;
		};
/* End PBXSourcesBuildPhase section */

/* Begin PBXTargetDependency section */
		EC9DD7062928DAD6002F0BC4 /* PBXTargetDependency */ = {
			isa = PBXTargetDependency;
			target = EC9DD6F32928DAD5002F0BC4 /* SnackOverFlow */;
			targetProxy = EC9DD7052928DAD6002F0BC4 /* PBXContainerItemProxy */;
		};
		EC9DD7102928DAD6002F0BC4 /* PBXTargetDependency */ = {
			isa = PBXTargetDependency;
			target = EC9DD6F32928DAD5002F0BC4 /* SnackOverFlow */;
			targetProxy = EC9DD70F2928DAD6002F0BC4 /* PBXContainerItemProxy */;
		};
/* End PBXTargetDependency section */

/* Begin XCBuildConfiguration section */
		EC9DD7162928DAD6002F0BC4 /* Debug */ = {
			isa = XCBuildConfiguration;
			buildSettings = {
				ALWAYS_SEARCH_USER_PATHS = NO;
				CLANG_ANALYZER_NONNULL = YES;
				CLANG_ANALYZER_NUMBER_OBJECT_CONVERSION = YES_AGGRESSIVE;
				CLANG_CXX_LANGUAGE_STANDARD = "gnu++20";
				CLANG_ENABLE_MODULES = YES;
				CLANG_ENABLE_OBJC_ARC = YES;
				CLANG_ENABLE_OBJC_WEAK = YES;
				CLANG_WARN_BLOCK_CAPTURE_AUTORELEASING = YES;
				CLANG_WARN_BOOL_CONVERSION = YES;
				CLANG_WARN_COMMA = YES;
				CLANG_WARN_CONSTANT_CONVERSION = YES;
				CLANG_WARN_DEPRECATED_OBJC_IMPLEMENTATIONS = YES;
				CLANG_WARN_DIRECT_OBJC_ISA_USAGE = YES_ERROR;
				CLANG_WARN_DOCUMENTATION_COMMENTS = YES;
				CLANG_WARN_EMPTY_BODY = YES;
				CLANG_WARN_ENUM_CONVERSION = YES;
				CLANG_WARN_INFINITE_RECURSION = YES;
				CLANG_WARN_INT_CONVERSION = YES;
				CLANG_WARN_NON_LITERAL_NULL_CONVERSION = YES;
				CLANG_WARN_OBJC_IMPLICIT_RETAIN_SELF = YES;
				CLANG_WARN_OBJC_LITERAL_CONVERSION = YES;
				CLANG_WARN_OBJC_ROOT_CLASS = YES_ERROR;
				CLANG_WARN_QUOTED_INCLUDE_IN_FRAMEWORK_HEADER = YES;
				CLANG_WARN_RANGE_LOOP_ANALYSIS = YES;
				CLANG_WARN_STRICT_PROTOTYPES = YES;
				CLANG_WARN_SUSPICIOUS_MOVE = YES;
				CLANG_WARN_UNGUARDED_AVAILABILITY = YES_AGGRESSIVE;
				CLANG_WARN_UNREACHABLE_CODE = YES;
				CLANG_WARN__DUPLICATE_METHOD_MATCH = YES;
				COPY_PHASE_STRIP = NO;
				DEBUG_INFORMATION_FORMAT = dwarf;
				ENABLE_STRICT_OBJC_MSGSEND = YES;
				ENABLE_TESTABILITY = YES;
				GCC_C_LANGUAGE_STANDARD = gnu11;
				GCC_DYNAMIC_NO_PIC = NO;
				GCC_NO_COMMON_BLOCKS = YES;
				GCC_OPTIMIZATION_LEVEL = 0;
				GCC_PREPROCESSOR_DEFINITIONS = (
					"DEBUG=1",
					"$(inherited)",
				);
				GCC_WARN_64_TO_32_BIT_CONVERSION = YES;
				GCC_WARN_ABOUT_RETURN_TYPE = YES_ERROR;
				GCC_WARN_UNDECLARED_SELECTOR = YES;
				GCC_WARN_UNINITIALIZED_AUTOS = YES_AGGRESSIVE;
				GCC_WARN_UNUSED_FUNCTION = YES;
				GCC_WARN_UNUSED_VARIABLE = YES;
				IPHONEOS_DEPLOYMENT_TARGET = 16.1;
				MTL_ENABLE_DEBUG_INFO = INCLUDE_SOURCE;
				MTL_FAST_MATH = YES;
				ONLY_ACTIVE_ARCH = YES;
				SDKROOT = iphoneos;
				SWIFT_ACTIVE_COMPILATION_CONDITIONS = DEBUG;
				SWIFT_OPTIMIZATION_LEVEL = "-Onone";
			};
			name = Debug;
		};
		EC9DD7172928DAD6002F0BC4 /* Release */ = {
			isa = XCBuildConfiguration;
			buildSettings = {
				ALWAYS_SEARCH_USER_PATHS = NO;
				CLANG_ANALYZER_NONNULL = YES;
				CLANG_ANALYZER_NUMBER_OBJECT_CONVERSION = YES_AGGRESSIVE;
				CLANG_CXX_LANGUAGE_STANDARD = "gnu++20";
				CLANG_ENABLE_MODULES = YES;
				CLANG_ENABLE_OBJC_ARC = YES;
				CLANG_ENABLE_OBJC_WEAK = YES;
				CLANG_WARN_BLOCK_CAPTURE_AUTORELEASING = YES;
				CLANG_WARN_BOOL_CONVERSION = YES;
				CLANG_WARN_COMMA = YES;
				CLANG_WARN_CONSTANT_CONVERSION = YES;
				CLANG_WARN_DEPRECATED_OBJC_IMPLEMENTATIONS = YES;
				CLANG_WARN_DIRECT_OBJC_ISA_USAGE = YES_ERROR;
				CLANG_WARN_DOCUMENTATION_COMMENTS = YES;
				CLANG_WARN_EMPTY_BODY = YES;
				CLANG_WARN_ENUM_CONVERSION = YES;
				CLANG_WARN_INFINITE_RECURSION = YES;
				CLANG_WARN_INT_CONVERSION = YES;
				CLANG_WARN_NON_LITERAL_NULL_CONVERSION = YES;
				CLANG_WARN_OBJC_IMPLICIT_RETAIN_SELF = YES;
				CLANG_WARN_OBJC_LITERAL_CONVERSION = YES;
				CLANG_WARN_OBJC_ROOT_CLASS = YES_ERROR;
				CLANG_WARN_QUOTED_INCLUDE_IN_FRAMEWORK_HEADER = YES;
				CLANG_WARN_RANGE_LOOP_ANALYSIS = YES;
				CLANG_WARN_STRICT_PROTOTYPES = YES;
				CLANG_WARN_SUSPICIOUS_MOVE = YES;
				CLANG_WARN_UNGUARDED_AVAILABILITY = YES_AGGRESSIVE;
				CLANG_WARN_UNREACHABLE_CODE = YES;
				CLANG_WARN__DUPLICATE_METHOD_MATCH = YES;
				COPY_PHASE_STRIP = NO;
				DEBUG_INFORMATION_FORMAT = "dwarf-with-dsym";
				ENABLE_NS_ASSERTIONS = NO;
				ENABLE_STRICT_OBJC_MSGSEND = YES;
				GCC_C_LANGUAGE_STANDARD = gnu11;
				GCC_NO_COMMON_BLOCKS = YES;
				GCC_WARN_64_TO_32_BIT_CONVERSION = YES;
				GCC_WARN_ABOUT_RETURN_TYPE = YES_ERROR;
				GCC_WARN_UNDECLARED_SELECTOR = YES;
				GCC_WARN_UNINITIALIZED_AUTOS = YES_AGGRESSIVE;
				GCC_WARN_UNUSED_FUNCTION = YES;
				GCC_WARN_UNUSED_VARIABLE = YES;
				IPHONEOS_DEPLOYMENT_TARGET = 16.1;
				MTL_ENABLE_DEBUG_INFO = NO;
				MTL_FAST_MATH = YES;
				SDKROOT = iphoneos;
				SWIFT_COMPILATION_MODE = wholemodule;
				SWIFT_OPTIMIZATION_LEVEL = "-O";
				VALIDATE_PRODUCT = YES;
			};
			name = Release;
		};
		EC9DD7192928DAD6002F0BC4 /* Debug */ = {
			isa = XCBuildConfiguration;
			buildSettings = {
				ASSETCATALOG_COMPILER_APPICON_NAME = AppIcon;
				ASSETCATALOG_COMPILER_GLOBAL_ACCENT_COLOR_NAME = AccentColor;
				CODE_SIGN_STYLE = Automatic;
				CURRENT_PROJECT_VERSION = 1;
				DEVELOPMENT_ASSET_PATHS = "\"SnackOverFlow/Preview Content\"";
				ENABLE_PREVIEWS = YES;
				GENERATE_INFOPLIST_FILE = YES;
				INFOPLIST_KEY_CFBundleDisplayName = "Snack Over Flow";
				INFOPLIST_KEY_LSApplicationCategoryType = "public.app-category.food-and-drink";
				INFOPLIST_KEY_UIApplicationSceneManifest_Generation = YES;
				INFOPLIST_KEY_UIApplicationSupportsIndirectInputEvents = YES;
				INFOPLIST_KEY_UILaunchScreen_Generation = YES;
				INFOPLIST_KEY_UISupportedInterfaceOrientations_iPad = "UIInterfaceOrientationPortrait UIInterfaceOrientationPortraitUpsideDown UIInterfaceOrientationLandscapeLeft UIInterfaceOrientationLandscapeRight";
				INFOPLIST_KEY_UISupportedInterfaceOrientations_iPhone = "UIInterfaceOrientationPortrait UIInterfaceOrientationLandscapeLeft UIInterfaceOrientationLandscapeRight";
				LD_RUNPATH_SEARCH_PATHS = (
					"$(inherited)",
					"@executable_path/Frameworks",
				);
				MARKETING_VERSION = 1.0;
				PRODUCT_BUNDLE_IDENTIFIER = gorillaredevs.SnackOverFlow;
				PRODUCT_NAME = "$(TARGET_NAME)";
				SWIFT_EMIT_LOC_STRINGS = YES;
				SWIFT_VERSION = 5.0;
				TARGETED_DEVICE_FAMILY = "1,2";
			};
			name = Debug;
		};
		EC9DD71A2928DAD6002F0BC4 /* Release */ = {
			isa = XCBuildConfiguration;
			buildSettings = {
				ASSETCATALOG_COMPILER_APPICON_NAME = AppIcon;
				ASSETCATALOG_COMPILER_GLOBAL_ACCENT_COLOR_NAME = AccentColor;
				CODE_SIGN_STYLE = Automatic;
				CURRENT_PROJECT_VERSION = 1;
				DEVELOPMENT_ASSET_PATHS = "\"SnackOverFlow/Preview Content\"";
				ENABLE_PREVIEWS = YES;
				GENERATE_INFOPLIST_FILE = YES;
				INFOPLIST_KEY_CFBundleDisplayName = "Snack Over Flow";
				INFOPLIST_KEY_LSApplicationCategoryType = "public.app-category.food-and-drink";
				INFOPLIST_KEY_UIApplicationSceneManifest_Generation = YES;
				INFOPLIST_KEY_UIApplicationSupportsIndirectInputEvents = YES;
				INFOPLIST_KEY_UILaunchScreen_Generation = YES;
				INFOPLIST_KEY_UISupportedInterfaceOrientations_iPad = "UIInterfaceOrientationPortrait UIInterfaceOrientationPortraitUpsideDown UIInterfaceOrientationLandscapeLeft UIInterfaceOrientationLandscapeRight";
				INFOPLIST_KEY_UISupportedInterfaceOrientations_iPhone = "UIInterfaceOrientationPortrait UIInterfaceOrientationLandscapeLeft UIInterfaceOrientationLandscapeRight";
				LD_RUNPATH_SEARCH_PATHS = (
					"$(inherited)",
					"@executable_path/Frameworks",
				);
				MARKETING_VERSION = 1.0;
				PRODUCT_BUNDLE_IDENTIFIER = gorillaredevs.SnackOverFlow;
				PRODUCT_NAME = "$(TARGET_NAME)";
				SWIFT_EMIT_LOC_STRINGS = YES;
				SWIFT_VERSION = 5.0;
				TARGETED_DEVICE_FAMILY = "1,2";
			};
			name = Release;
		};
		EC9DD71C2928DAD6002F0BC4 /* Debug */ = {
			isa = XCBuildConfiguration;
			buildSettings = {
				ALWAYS_EMBED_SWIFT_STANDARD_LIBRARIES = YES;
				BUNDLE_LOADER = "$(TEST_HOST)";
				CODE_SIGN_STYLE = Automatic;
				CURRENT_PROJECT_VERSION = 1;
				GENERATE_INFOPLIST_FILE = YES;
				IPHONEOS_DEPLOYMENT_TARGET = 16.1;
				MARKETING_VERSION = 1.0;
				PRODUCT_BUNDLE_IDENTIFIER = gorillaredevs.SnackOverFlowTests;
				PRODUCT_NAME = "$(TARGET_NAME)";
				SWIFT_EMIT_LOC_STRINGS = NO;
				SWIFT_VERSION = 5.0;
				TARGETED_DEVICE_FAMILY = "1,2";
				TEST_HOST = "$(BUILT_PRODUCTS_DIR)/SnackOverFlow.app/$(BUNDLE_EXECUTABLE_FOLDER_PATH)/SnackOverFlow";
			};
			name = Debug;
		};
		EC9DD71D2928DAD6002F0BC4 /* Release */ = {
			isa = XCBuildConfiguration;
			buildSettings = {
				ALWAYS_EMBED_SWIFT_STANDARD_LIBRARIES = YES;
				BUNDLE_LOADER = "$(TEST_HOST)";
				CODE_SIGN_STYLE = Automatic;
				CURRENT_PROJECT_VERSION = 1;
				GENERATE_INFOPLIST_FILE = YES;
				IPHONEOS_DEPLOYMENT_TARGET = 16.1;
				MARKETING_VERSION = 1.0;
				PRODUCT_BUNDLE_IDENTIFIER = gorillaredevs.SnackOverFlowTests;
				PRODUCT_NAME = "$(TARGET_NAME)";
				SWIFT_EMIT_LOC_STRINGS = NO;
				SWIFT_VERSION = 5.0;
				TARGETED_DEVICE_FAMILY = "1,2";
				TEST_HOST = "$(BUILT_PRODUCTS_DIR)/SnackOverFlow.app/$(BUNDLE_EXECUTABLE_FOLDER_PATH)/SnackOverFlow";
			};
			name = Release;
		};
		EC9DD71F2928DAD6002F0BC4 /* Debug */ = {
			isa = XCBuildConfiguration;
			buildSettings = {
				ALWAYS_EMBED_SWIFT_STANDARD_LIBRARIES = YES;
				CODE_SIGN_STYLE = Automatic;
				CURRENT_PROJECT_VERSION = 1;
				GENERATE_INFOPLIST_FILE = YES;
				MARKETING_VERSION = 1.0;
				PRODUCT_BUNDLE_IDENTIFIER = gorillaredevs.SnackOverFlowUITests;
				PRODUCT_NAME = "$(TARGET_NAME)";
				SWIFT_EMIT_LOC_STRINGS = NO;
				SWIFT_VERSION = 5.0;
				TARGETED_DEVICE_FAMILY = "1,2";
				TEST_TARGET_NAME = SnackOverFlow;
			};
			name = Debug;
		};
		EC9DD7202928DAD6002F0BC4 /* Release */ = {
			isa = XCBuildConfiguration;
			buildSettings = {
				ALWAYS_EMBED_SWIFT_STANDARD_LIBRARIES = YES;
				CODE_SIGN_STYLE = Automatic;
				CURRENT_PROJECT_VERSION = 1;
				GENERATE_INFOPLIST_FILE = YES;
				MARKETING_VERSION = 1.0;
				PRODUCT_BUNDLE_IDENTIFIER = gorillaredevs.SnackOverFlowUITests;
				PRODUCT_NAME = "$(TARGET_NAME)";
				SWIFT_EMIT_LOC_STRINGS = NO;
				SWIFT_VERSION = 5.0;
				TARGETED_DEVICE_FAMILY = "1,2";
				TEST_TARGET_NAME = SnackOverFlow;
			};
			name = Release;
		};
/* End XCBuildConfiguration section */

/* Begin XCConfigurationList section */
		EC9DD6EF2928DAD5002F0BC4 /* Build configuration list for PBXProject "SnackOverFlow" */ = {
			isa = XCConfigurationList;
			buildConfigurations = (
				EC9DD7162928DAD6002F0BC4 /* Debug */,
				EC9DD7172928DAD6002F0BC4 /* Release */,
			);
			defaultConfigurationIsVisible = 0;
			defaultConfigurationName = Release;
		};
		EC9DD7182928DAD6002F0BC4 /* Build configuration list for PBXNativeTarget "SnackOverFlow" */ = {
			isa = XCConfigurationList;
			buildConfigurations = (
				EC9DD7192928DAD6002F0BC4 /* Debug */,
				EC9DD71A2928DAD6002F0BC4 /* Release */,
			);
			defaultConfigurationIsVisible = 0;
			defaultConfigurationName = Release;
		};
		EC9DD71B2928DAD6002F0BC4 /* Build configuration list for PBXNativeTarget "SnackOverFlowTests" */ = {
			isa = XCConfigurationList;
			buildConfigurations = (
				EC9DD71C2928DAD6002F0BC4 /* Debug */,
				EC9DD71D2928DAD6002F0BC4 /* Release */,
			);
			defaultConfigurationIsVisible = 0;
			defaultConfigurationName = Release;
		};
		EC9DD71E2928DAD6002F0BC4 /* Build configuration list for PBXNativeTarget "SnackOverFlowUITests" */ = {
			isa = XCConfigurationList;
			buildConfigurations = (
				EC9DD71F2928DAD6002F0BC4 /* Debug */,
				EC9DD7202928DAD6002F0BC4 /* Release */,
			);
			defaultConfigurationIsVisible = 0;
			defaultConfigurationName = Release;
		};
/* End XCConfigurationList section */
	};
	rootObject = EC9DD6EC2928DAD5002F0BC4 /* Project object */;
}
